gopkg.in/hraban/opus.v2 v2.0.0-20230925203106-0188a62cb302 h1:xeVptzkP8BuJhoIjNizd2bRHfq9KB9HfOLZu90T04XM=
gopkg.in/hraban/opus.v2 v2.0.0-20230925203106-0188a62cb302/go.mod h1:/L5E7a21VWl8DeuCPKxQBdVG5cy+L0MRZ08B1wnqt7g=
mccoy.space/g/ogg v0.0.0-20221103053400-1ea94e6f3152 h1:p3Sx79jj5P979gSyMOoSftOXFPuGquvCZMzbOeV+8oE=
mccoy.space/g/ogg v0.0.0-20221103053400-1ea94e6f3152/go.mod h1:Fa7PeLv7azi4nCJLxrQ2SK7pqOEvqgt9deL4K/XZCA8=
